
Microsoft Visual Studio Solution File, Format Version 12.00
# Visual Studio Version 17
VisualStudioVersion = 17.5.002.0
MinimumVisualStudioVersion = 10.0.40219.1
Project("{9A19103F-16F7-4668-BE54-9A1E7A4F7556}") = "LGDXRobotCloud.API", "LGDXRobotCloud.API.csproj", "{A6F07FD6-A6A1-437F-B771-4AD8A37107E4}"
EndProject
Global
	GlobalSection(SolutionConfigurationPlatforms) = preSolution
		Debug|Any CPU = Debug|Any CPU
		Release|Any CPU = Release|Any CPU
	EndGlobalSection
	GlobalSection(ProjectConfigurationPlatforms) = postSolution
		{A6F07FD6-A6A1-437F-B771-4AD8A37107E4}.Debug|Any CPU.ActiveCfg = Debug|Any CPU
		{A6F07FD6-A6A1-437F-B771-4AD8A37107E4}.Debug|Any CPU.Build.0 = Debug|Any CPU
		{A6F07FD6-A6A1-437F-B771-4AD8A37107E4}.Release|Any CPU.ActiveCfg = Release|Any CPU
		{A6F07FD6-A6A1-437F-B771-4AD8A37107E4}.Release|Any CPU.Build.0 = Release|Any CPU
	EndGlobalSection
	GlobalSection(SolutionProperties) = preSolution
		HideSolutionNode = FALSE
	EndGlobalSection
	GlobalSection(ExtensibilityGlobals) = postSolution
		SolutionGuid = {8D7B591E-ED8E-49FD-86B8-1F1548E7C5EB}
	EndGlobalSection
EndGlobal
